
Microsoft Visual Studio Solution File, Format Version 12.00
# Visual Studio Version 16
VisualStudioVersion = 16.0.31025.194
MinimumVisualStudioVersion = 10.0.40219.1
Project("{FAE04EC0-301F-11D3-BF4B-00C04F79EFBC}") = "Music Player v2", "Music Player v2\Music Player v2.csproj", "{6ECDFE31-3AE4-44EC-ACDC-191E62DFC61D}"
EndProject
Global
	GlobalSection(SolutionConfigurationPlatforms) = preSolution
		Debug|Any CPU = Debug|Any CPU
		Release|Any CPU = Release|Any CPU
	EndGlobalSection
	GlobalSection(ProjectConfigurationPlatforms) = postSolution
		{6ECDFE31-3AE4-44EC-ACDC-191E62DFC61D}.Debug|Any CPU.ActiveCfg = Debug|Any CPU
		{6ECDFE31-3AE4-44EC-ACDC-191E62DFC61D}.Debug|Any CPU.Build.0 = Debug|Any CPU
		{6ECDFE31-3AE4-44EC-ACDC-191E62DFC61D}.Release|Any CPU.ActiveCfg = Release|Any CPU
		{6ECDFE31-3AE4-44EC-ACDC-191E62DFC61D}.Release|Any CPU.Build.0 = Release|Any CPU
	EndGlobalSection
	GlobalSection(SolutionProperties) = preSolution
		HideSolutionNode = FALSE
	EndGlobalSection
	GlobalSection(ExtensibilityGlobals) = postSolution
		SolutionGuid = {541CA1AC-C64B-46D0-A42A-35C0EF885D73}
	EndGlobalSection
EndGlobal
